Microsoft Visual Studio Solution File, Format Version 12.00
# Visual Studio 15
VisualStudioVersion = 15.0.28307.106
MinimumVisualStudioVersion = 10.0.40219.1
Project("{9A19103F-16F7-4668-BE54-9A1E7A4F7556}") = "Sample_Project_for_Grantek", "Sample_Project_for_Grantek.csproj", "{D870CED7-022F-A7E8-14A5-EEED702CE82C}"
EndProject
Global
    GlobalSection(SolutionConfigurationPlatforms) = preSolution
        Debug|Any CPU = Debug|Any CPU
        Release|Any CPU = Release|Any CPU
    EndGlobalSection
    GlobalSection(ProjectConfigurationPlatforms) = postSolution
        {D870CED7-022F-A7E8-14A5-EEED702CE82C}.Debug|Any CPU.ActiveCfg = Debug|Any CPU
        {D870CED7-022F-A7E8-14A5-EEED702CE82C}.Debug|Any CPU.Build.0 = Debug|Any CPU
        {D870CED7-022F-A7E8-14A5-EEED702CE82C}.Release|Any CPU.ActiveCfg = Release|Any CPU
        {D870CED7-022F-A7E8-14A5-EEED702CE82C}.Release|Any CPU.Build.0 = Release|Any CPU
    EndGlobalSection
    GlobalSection(SolutionProperties) = preSolution
        HideSolutionNode = FALSE
    EndGlobalSection
EndGlobal
